lockfileVersion: '6.0'

settings:
  autoInstallPeers: true
  excludeLinksFromLockfile: false

dependencies:
  cloudinary:
    specifier: ^2.0.1
    version: 2.0.1

packages:

  /cloudinary@2.0.1:
    resolution: {integrity: sha512-+j5GswtCwjAmLhjs/K26id4Zvh53zL/YWzgyenxgbdXdXmdFM8d5H1FV1sJCkpS77AqylJKBzyztySdILM+F+A==}
    engines: {node: '>=9'}
    dependencies:
      lodash: 4.17.21
      q: 1.5.1
    dev: false

  /lodash@4.17.21:
    resolution: {integrity: sha512-v2kDEe57lecTulaDIuNTPy3Ry4gLGJ6Z1O3vE1krgXZNrsQ+LFTGHVxVjcXPs17LhbZVGedAJv8XZ1tvj5FvSg==}
    dev: false

  /q@1.5.1:
    resolution: {integrity: sha512-kV/CThkXo6xyFEZUugw/+pIOywXcDbFYgSct5cT3gqlbkBE1SJdwy6UQoZvodiWF/ckQLZyDE/Bu1M6gVu5lVw==}
    engines: {node: '>=0.6.0', teleport: '>=0.2.0'}
    dev: false
